
Microsoft Visual Studio Solution File, Format Version 12.00
# Visual Studio 2013
VisualStudioVersion = 12.0.30110.0
MinimumVisualStudioVersion = 10.0.40219.1
Project("{2150E333-8FDC-42A3-9474-1A3956D46DE8}") = "Source", "Source", "{5D6EA9DE-3C8B-4381-82EF-4824DED2BA58}"
EndProject
Project("{FAE04EC0-301F-11D3-BF4B-00C04F79EFBC}") = "Glass.Mapper", "Source\Glass.Mapper\Glass.Mapper.csproj", "{566109ED-A88A-467E-BDDB-BBF7F831A006}"
EndProject
Project("{FAE04EC0-301F-11D3-BF4B-00C04F79EFBC}") = "Glass.Mapper.Sc", "Source\Glass.Mapper.Sc\Glass.Mapper.Sc.csproj", "{0B8E0B06-46B8-4794-862F-73B391F8B1A1}"
EndProject
Project("{FAE04EC0-301F-11D3-BF4B-00C04F79EFBC}") = "Glass.Mapper.Sc.Website", "Source\Glass.Mapper.Sc.Website\Glass.Mapper.Sc.Website.csproj", "{93420975-6370-4E1F-BC3C-9F9B4EEECEB1}"
EndProject
Project("{FAE04EC0-301F-11D3-BF4B-00C04F79EFBC}") = "Glass.Mapper.Sc.ContentSearch", "Source\Glass.Mapper.Sc.ContentSearch\Glass.Mapper.Sc.ContentSearch.csproj", "{CE1CC8D6-60CC-4DCA-9B6C-0256778D107A}"
EndProject
Project("{FAE04EC0-301F-11D3-BF4B-00C04F79EFBC}") = "Glass.Mapper.Sc.ContentSearch.LuceneProvider", "Source\Glass.Mapper.Sc.ContentSearch.LuceneProvider\Glass.Mapper.Sc.ContentSearch.LuceneProvider.csproj", "{43C186EB-F6ED-4ADE-941E-EC465B976646}"
EndProject
Project("{FAE04EC0-301F-11D3-BF4B-00C04F79EFBC}") = "Glass.Mapper.Sc.CastleWindsor", "Source\Glass.Mapper.Sc.CastleWindsor\Glass.Mapper.Sc.CastleWindsor.csproj", "{54A63D42-1614-4B8F-9DF5-8F1D2998DB9D}"
EndProject
Global
	GlobalSection(SolutionConfigurationPlatforms) = preSolution
		CI|Any CPU = CI|Any CPU
		Debug|Any CPU = Debug|Any CPU
		Release|Any CPU = Release|Any CPU
	EndGlobalSection
	GlobalSection(ProjectConfigurationPlatforms) = postSolution
		{566109ED-A88A-467E-BDDB-BBF7F831A006}.CI|Any CPU.ActiveCfg = CI|Any CPU
		{566109ED-A88A-467E-BDDB-BBF7F831A006}.CI|Any CPU.Build.0 = CI|Any CPU
		{566109ED-A88A-467E-BDDB-BBF7F831A006}.Debug|Any CPU.ActiveCfg = Debug|Any CPU
		{566109ED-A88A-467E-BDDB-BBF7F831A006}.Debug|Any CPU.Build.0 = Debug|Any CPU
		{566109ED-A88A-467E-BDDB-BBF7F831A006}.Release|Any CPU.ActiveCfg = Release|Any CPU
		{566109ED-A88A-467E-BDDB-BBF7F831A006}.Release|Any CPU.Build.0 = Release|Any CPU
		{0B8E0B06-46B8-4794-862F-73B391F8B1A1}.CI|Any CPU.ActiveCfg = CI|Any CPU
		{0B8E0B06-46B8-4794-862F-73B391F8B1A1}.CI|Any CPU.Build.0 = CI|Any CPU
		{0B8E0B06-46B8-4794-862F-73B391F8B1A1}.Debug|Any CPU.ActiveCfg = Debug|Any CPU
		{0B8E0B06-46B8-4794-862F-73B391F8B1A1}.Debug|Any CPU.Build.0 = Debug|Any CPU
		{0B8E0B06-46B8-4794-862F-73B391F8B1A1}.Release|Any CPU.ActiveCfg = Release|Any CPU
		{0B8E0B06-46B8-4794-862F-73B391F8B1A1}.Release|Any CPU.Build.0 = Release|Any CPU
		{93420975-6370-4E1F-BC3C-9F9B4EEECEB1}.CI|Any CPU.ActiveCfg = CI|Any CPU
		{93420975-6370-4E1F-BC3C-9F9B4EEECEB1}.CI|Any CPU.Build.0 = CI|Any CPU
		{93420975-6370-4E1F-BC3C-9F9B4EEECEB1}.Debug|Any CPU.ActiveCfg = Debug|Any CPU
		{93420975-6370-4E1F-BC3C-9F9B4EEECEB1}.Debug|Any CPU.Build.0 = Debug|Any CPU
		{93420975-6370-4E1F-BC3C-9F9B4EEECEB1}.Release|Any CPU.ActiveCfg = Release|Any CPU
		{93420975-6370-4E1F-BC3C-9F9B4EEECEB1}.Release|Any CPU.Build.0 = Release|Any CPU
		{CE1CC8D6-60CC-4DCA-9B6C-0256778D107A}.CI|Any CPU.ActiveCfg = Release|Any CPU
		{CE1CC8D6-60CC-4DCA-9B6C-0256778D107A}.CI|Any CPU.Build.0 = Release|Any CPU
		{CE1CC8D6-60CC-4DCA-9B6C-0256778D107A}.Debug|Any CPU.ActiveCfg = Debug|Any CPU
		{CE1CC8D6-60CC-4DCA-9B6C-0256778D107A}.Debug|Any CPU.Build.0 = Debug|Any CPU
		{CE1CC8D6-60CC-4DCA-9B6C-0256778D107A}.Release|Any CPU.ActiveCfg = Release|Any CPU
		{CE1CC8D6-60CC-4DCA-9B6C-0256778D107A}.Release|Any CPU.Build.0 = Release|Any CPU
		{43C186EB-F6ED-4ADE-941E-EC465B976646}.CI|Any CPU.ActiveCfg = Release|Any CPU
		{43C186EB-F6ED-4ADE-941E-EC465B976646}.CI|Any CPU.Build.0 = Release|Any CPU
		{43C186EB-F6ED-4ADE-941E-EC465B976646}.Debug|Any CPU.ActiveCfg = Debug|Any CPU
		{43C186EB-F6ED-4ADE-941E-EC465B976646}.Debug|Any CPU.Build.0 = Debug|Any CPU
		{43C186EB-F6ED-4ADE-941E-EC465B976646}.Release|Any CPU.ActiveCfg = Release|Any CPU
		{43C186EB-F6ED-4ADE-941E-EC465B976646}.Release|Any CPU.Build.0 = Release|Any CPU
		{54A63D42-1614-4B8F-9DF5-8F1D2998DB9D}.CI|Any CPU.ActiveCfg = CI|Any CPU
		{54A63D42-1614-4B8F-9DF5-8F1D2998DB9D}.CI|Any CPU.Build.0 = CI|Any CPU
		{54A63D42-1614-4B8F-9DF5-8F1D2998DB9D}.Debug|Any CPU.ActiveCfg = Debug|Any CPU
		{54A63D42-1614-4B8F-9DF5-8F1D2998DB9D}.Debug|Any CPU.Build.0 = Debug|Any CPU
		{54A63D42-1614-4B8F-9DF5-8F1D2998DB9D}.Release|Any CPU.ActiveCfg = Release|Any CPU
		{54A63D42-1614-4B8F-9DF5-8F1D2998DB9D}.Release|Any CPU.Build.0 = Release|Any CPU
	EndGlobalSection
	GlobalSection(SolutionProperties) = preSolution
		HideSolutionNode = FALSE
	EndGlobalSection
	GlobalSection(NestedProjects) = preSolution
		{566109ED-A88A-467E-BDDB-BBF7F831A006} = {5D6EA9DE-3C8B-4381-82EF-4824DED2BA58}
		{0B8E0B06-46B8-4794-862F-73B391F8B1A1} = {5D6EA9DE-3C8B-4381-82EF-4824DED2BA58}
		{93420975-6370-4E1F-BC3C-9F9B4EEECEB1} = {5D6EA9DE-3C8B-4381-82EF-4824DED2BA58}
		{CE1CC8D6-60CC-4DCA-9B6C-0256778D107A} = {5D6EA9DE-3C8B-4381-82EF-4824DED2BA58}
		{43C186EB-F6ED-4ADE-941E-EC465B976646} = {5D6EA9DE-3C8B-4381-82EF-4824DED2BA58}
		{54A63D42-1614-4B8F-9DF5-8F1D2998DB9D} = {5D6EA9DE-3C8B-4381-82EF-4824DED2BA58}
	EndGlobalSection
EndGlobal
